{
  "name": "sqs-processor",
  "version": "1.0.1",
  "dependencies": {
    "async": {
      "version": "0.9.0",
      "from": "async@>=0.9.0 <0.10.0",
      "resolved": "https://registry.npmjs.org/async/-/async-0.9.0.tgz"
    },
    "aws-sdk": {
      "version": "2.0.29",
      "from": "aws-sdk@>=2.0.25 <3.0.0",
      "resolved": "https://registry.npmjs.org/aws-sdk/-/aws-sdk-2.0.29.tgz",
      "dependencies": {
        "xml2js": {
          "version": "0.2.6",
          "from": "xml2js@0.2.6",
          "resolved": "https://registry.npmjs.org/xml2js/-/xml2js-0.2.6.tgz",
          "dependencies": {
            "sax": {
              "version": "0.4.2",
              "from": "sax@0.4.2",
              "resolved": "https://registry.npmjs.org/sax/-/sax-0.4.2.tgz"
            }
          }
        },
        "xmlbuilder": {
          "version": "0.4.2",
          "from": "xmlbuilder@0.4.2",
          "resolved": "https://registry.npmjs.org/xmlbuilder/-/xmlbuilder-0.4.2.tgz"
        }
      }
    },
    "error-factory": {
      "version": "0.3.0",
      "from": "https://github.com/Springworks/node-error-factory/archive/v0.3.0.tar.gz",
      "resolved": "https://github.com/Springworks/node-error-factory/archive/v0.3.0.tar.gz",
      "dependencies": {
        "boom": {
          "version": "2.6.1",
          "from": "boom@>=2.6.0 <3.0.0",
          "resolved": "https://registry.npmjs.org/boom/-/boom-2.6.1.tgz",
          "dependencies": {
            "hoek": {
              "version": "2.10.0",
              "from": "hoek@>=2.0.0 <3.0.0",
              "resolved": "https://registry.npmjs.org/hoek/-/hoek-2.10.0.tgz"
            }
          }
        }
      }
    },
    "input-validator": {
      "version": "0.5.0",
      "from": "https://github.com/Springworks/node-input-validator/archive/v0.5.0.tar.gz",
      "resolved": "https://github.com/Springworks/node-input-validator/archive/v0.5.0.tar.gz",
      "dependencies": {
        "hoek": {
          "version": "2.10.0",
          "from": "hoek@>=2.0.0 <3.0.0",
          "resolved": "https://registry.npmjs.org/hoek/-/hoek-2.10.0.tgz"
        },
        "joi": {
          "version": "4.9.0",
          "from": "joi@>=4.7.0 <5.0.0",
          "resolved": "https://registry.npmjs.org/joi/-/joi-4.9.0.tgz",
          "dependencies": {
            "topo": {
              "version": "1.0.2",
              "from": "topo@>=1.0.0 <2.0.0",
              "resolved": "https://registry.npmjs.org/topo/-/topo-1.0.2.tgz"
            },
            "isemail": {
              "version": "1.1.1",
              "from": "isemail@>=1.0.0 <2.0.0",
              "resolved": "https://registry.npmjs.org/isemail/-/isemail-1.1.1.tgz"
            },
            "moment": {
              "version": "2.8.4",
              "from": "moment@>=2.0.0 <3.0.0",
              "resolved": "https://registry.npmjs.org/moment/-/moment-2.8.4.tgz"
            }
          }
        }
      }
    }
  }
}
